
Microsoft Visual Studio Solution File, Format Version 12.00
# Visual Studio 2013
VisualStudioVersion = 12.0.21005.1
MinimumVisualStudioVersion = 10.0.40219.1
Project("{FAE04EC0-301F-11D3-BF4B-00C04F79EFBC}") = "WebApplication", "WebApplication\WebApplication.csproj", "{FEAB4EA5-AEF9-4D30-9969-E93959296FF7}"
EndProject
Project("{FAE04EC0-301F-11D3-BF4B-00C04F79EFBC}") = "ORM", "ORM\ORM.csproj", "{B27D740D-AE77-4F40-82B0-F49B5B008B43}"
EndProject
Project("{FAE04EC0-301F-11D3-BF4B-00C04F79EFBC}") = "DAL.Interface", "Dal_Interface\DAL.Interface.csproj", "{439A73AF-497E-4795-B09C-B6E0D92AA265}"
EndProject
Project("{FAE04EC0-301F-11D3-BF4B-00C04F79EFBC}") = "DAL", "Dal\DAL.csproj", "{F7440D90-D698-4A7E-80E0-213C5DD88227}"
EndProject
Project("{FAE04EC0-301F-11D3-BF4B-00C04F79EFBC}") = "BLL.Interface", "BLL.Interface\BLL.Interface.csproj", "{7C6C4CC6-A289-447F-A34C-6E488646E2B6}"
EndProject
Project("{FAE04EC0-301F-11D3-BF4B-00C04F79EFBC}") = "BLL", "BLL\BLL.csproj", "{80495FB7-F2E7-4A18-A920-29BCFB143D84}"
EndProject
Project("{FAE04EC0-301F-11D3-BF4B-00C04F79EFBC}") = "ResolveModule", "ResolveModule\ResolveModule.csproj", "{65DB6758-F222-435C-A70F-779E1C110BF3}"
EndProject
Global
	GlobalSection(SolutionConfigurationPlatforms) = preSolution
		Debug|Any CPU = Debug|Any CPU
		Release|Any CPU = Release|Any CPU
	EndGlobalSection
	GlobalSection(ProjectConfigurationPlatforms) = postSolution
		{FEAB4EA5-AEF9-4D30-9969-E93959296FF7}.Debug|Any CPU.ActiveCfg = Debug|Any CPU
		{FEAB4EA5-AEF9-4D30-9969-E93959296FF7}.Debug|Any CPU.Build.0 = Debug|Any CPU
		{FEAB4EA5-AEF9-4D30-9969-E93959296FF7}.Release|Any CPU.ActiveCfg = Release|Any CPU
		{FEAB4EA5-AEF9-4D30-9969-E93959296FF7}.Release|Any CPU.Build.0 = Release|Any CPU
		{B27D740D-AE77-4F40-82B0-F49B5B008B43}.Debug|Any CPU.ActiveCfg = Debug|Any CPU
		{B27D740D-AE77-4F40-82B0-F49B5B008B43}.Debug|Any CPU.Build.0 = Debug|Any CPU
		{B27D740D-AE77-4F40-82B0-F49B5B008B43}.Release|Any CPU.ActiveCfg = Release|Any CPU
		{B27D740D-AE77-4F40-82B0-F49B5B008B43}.Release|Any CPU.Build.0 = Release|Any CPU
		{439A73AF-497E-4795-B09C-B6E0D92AA265}.Debug|Any CPU.ActiveCfg = Debug|Any CPU
		{439A73AF-497E-4795-B09C-B6E0D92AA265}.Debug|Any CPU.Build.0 = Debug|Any CPU
		{439A73AF-497E-4795-B09C-B6E0D92AA265}.Release|Any CPU.ActiveCfg = Release|Any CPU
		{439A73AF-497E-4795-B09C-B6E0D92AA265}.Release|Any CPU.Build.0 = Release|Any CPU
		{F7440D90-D698-4A7E-80E0-213C5DD88227}.Debug|Any CPU.ActiveCfg = Debug|Any CPU
		{F7440D90-D698-4A7E-80E0-213C5DD88227}.Debug|Any CPU.Build.0 = Debug|Any CPU
		{F7440D90-D698-4A7E-80E0-213C5DD88227}.Release|Any CPU.ActiveCfg = Release|Any CPU
		{F7440D90-D698-4A7E-80E0-213C5DD88227}.Release|Any CPU.Build.0 = Release|Any CPU
		{7C6C4CC6-A289-447F-A34C-6E488646E2B6}.Debug|Any CPU.ActiveCfg = Debug|Any CPU
		{7C6C4CC6-A289-447F-A34C-6E488646E2B6}.Debug|Any CPU.Build.0 = Debug|Any CPU
		{7C6C4CC6-A289-447F-A34C-6E488646E2B6}.Release|Any CPU.ActiveCfg = Release|Any CPU
		{7C6C4CC6-A289-447F-A34C-6E488646E2B6}.Release|Any CPU.Build.0 = Release|Any CPU
		{80495FB7-F2E7-4A18-A920-29BCFB143D84}.Debug|Any CPU.ActiveCfg = Debug|Any CPU
		{80495FB7-F2E7-4A18-A920-29BCFB143D84}.Debug|Any CPU.Build.0 = Debug|Any CPU
		{80495FB7-F2E7-4A18-A920-29BCFB143D84}.Release|Any CPU.ActiveCfg = Release|Any CPU
		{80495FB7-F2E7-4A18-A920-29BCFB143D84}.Release|Any CPU.Build.0 = Release|Any CPU
		{65DB6758-F222-435C-A70F-779E1C110BF3}.Debug|Any CPU.ActiveCfg = Debug|Any CPU
		{65DB6758-F222-435C-A70F-779E1C110BF3}.Debug|Any CPU.Build.0 = Debug|Any CPU
		{65DB6758-F222-435C-A70F-779E1C110BF3}.Release|Any CPU.ActiveCfg = Release|Any CPU
		{65DB6758-F222-435C-A70F-779E1C110BF3}.Release|Any CPU.Build.0 = Release|Any CPU
	EndGlobalSection
	GlobalSection(SolutionProperties) = preSolution
		HideSolutionNode = FALSE
	EndGlobalSection
EndGlobal
